
Microsoft Visual Studio Solution File, Format Version 12.00
# Visual Studio 15
VisualStudioVersion = 15.0.27130.2036
MinimumVisualStudioVersion = 10.0.40219.1
Project("{888888A0-9F3D-457C-B088-3A5042F75D52}") = "Programming_Assignment_3", "Programming_Assignment_3.pyproj", "{F546B590-A23C-408C-803F-485D6A2E13BF}"
EndProject
Global
	GlobalSection(SolutionConfigurationPlatforms) = preSolution
		Debug|Any CPU = Debug|Any CPU
		Release|Any CPU = Release|Any CPU
	EndGlobalSection
	GlobalSection(ProjectConfigurationPlatforms) = postSolution
		{F546B590-A23C-408C-803F-485D6A2E13BF}.Debug|Any CPU.ActiveCfg = Debug|Any CPU
		{F546B590-A23C-408C-803F-485D6A2E13BF}.Release|Any CPU.ActiveCfg = Release|Any CPU
	EndGlobalSection
	GlobalSection(SolutionProperties) = preSolution
		HideSolutionNode = FALSE
	EndGlobalSection
	GlobalSection(ExtensibilityGlobals) = postSolution
		SolutionGuid = {59B4AB94-5365-4C33-B35C-A96226656126}
	EndGlobalSection
EndGlobal
